
Microsoft Visual Studio Solution File, Format Version 12.00
# Visual Studio 15
VisualStudioVersion = 15.0.28307.421
MinimumVisualStudioVersion = 10.0.40219.1
Project("{FAE04EC0-301F-11D3-BF4B-00C04F79EFBC}") = "BankTests", "BankTests\BankTests.csproj", "{A7C13998-269F-4DC3-B2CE-102F2FA1E5E9}"
EndProject
Project("{FAE04EC0-301F-11D3-BF4B-00C04F79EFBC}") = "Alejandro", "Bank\Alejandro.csproj", "{E29BFF93-73D5-4DF1-8439-EB14D1DCA33F}"
EndProject
Global
	GlobalSection(SolutionConfigurationPlatforms) = preSolution
		Debug|Any CPU = Debug|Any CPU
		Release|Any CPU = Release|Any CPU
	EndGlobalSection
	GlobalSection(ProjectConfigurationPlatforms) = postSolution
		{A7C13998-269F-4DC3-B2CE-102F2FA1E5E9}.Debug|Any CPU.ActiveCfg = Debug|Any CPU
		{A7C13998-269F-4DC3-B2CE-102F2FA1E5E9}.Debug|Any CPU.Build.0 = Debug|Any CPU
		{A7C13998-269F-4DC3-B2CE-102F2FA1E5E9}.Release|Any CPU.ActiveCfg = Release|Any CPU
		{A7C13998-269F-4DC3-B2CE-102F2FA1E5E9}.Release|Any CPU.Build.0 = Release|Any CPU
		{E29BFF93-73D5-4DF1-8439-EB14D1DCA33F}.Debug|Any CPU.ActiveCfg = Debug|Any CPU
		{E29BFF93-73D5-4DF1-8439-EB14D1DCA33F}.Debug|Any CPU.Build.0 = Debug|Any CPU
		{E29BFF93-73D5-4DF1-8439-EB14D1DCA33F}.Release|Any CPU.ActiveCfg = Release|Any CPU
		{E29BFF93-73D5-4DF1-8439-EB14D1DCA33F}.Release|Any CPU.Build.0 = Release|Any CPU
	EndGlobalSection
	GlobalSection(SolutionProperties) = preSolution
		HideSolutionNode = FALSE
	EndGlobalSection
	GlobalSection(ExtensibilityGlobals) = postSolution
		SolutionGuid = {49281C30-CBB5-4946-B99D-320B5A65FC5D}
	EndGlobalSection
EndGlobal
